
Microsoft Visual Studio Solution File, Format Version 12.00
# Visual Studio 2012
Project("{FAE04EC0-301F-11D3-BF4B-00C04F79EFBC}") = "OpenCAD.Kernel", "OpenCAD.Kernel\OpenCAD.Kernel.csproj", "{13CEE632-BA6F-4C73-9709-2E64B8FFDA99}"
EndProject
Project("{FAE04EC0-301F-11D3-BF4B-00C04F79EFBC}") = "OpenCAD.Desktop", "OpenCAD.Desktop\OpenCAD.Desktop.csproj", "{8A6A3756-8828-4697-8E4E-14D8B8988E10}"
EndProject
Project("{FAE04EC0-301F-11D3-BF4B-00C04F79EFBC}") = "OpenCAD.Testing", "OpenCAD.Testing\OpenCAD.Testing.csproj", "{53A171FD-0329-4E2A-BBC7-7A25E27627D5}"
EndProject
Global
	GlobalSection(SolutionConfigurationPlatforms) = preSolution
		Debug|Any CPU = Debug|Any CPU
		Release|Any CPU = Release|Any CPU
	EndGlobalSection
	GlobalSection(ProjectConfigurationPlatforms) = postSolution
		{13CEE632-BA6F-4C73-9709-2E64B8FFDA99}.Debug|Any CPU.ActiveCfg = Debug|Any CPU
		{13CEE632-BA6F-4C73-9709-2E64B8FFDA99}.Debug|Any CPU.Build.0 = Debug|Any CPU
		{13CEE632-BA6F-4C73-9709-2E64B8FFDA99}.Release|Any CPU.ActiveCfg = Release|Any CPU
		{13CEE632-BA6F-4C73-9709-2E64B8FFDA99}.Release|Any CPU.Build.0 = Release|Any CPU
		{8A6A3756-8828-4697-8E4E-14D8B8988E10}.Debug|Any CPU.ActiveCfg = Debug|Any CPU
		{8A6A3756-8828-4697-8E4E-14D8B8988E10}.Debug|Any CPU.Build.0 = Debug|Any CPU
		{8A6A3756-8828-4697-8E4E-14D8B8988E10}.Release|Any CPU.ActiveCfg = Release|Any CPU
		{8A6A3756-8828-4697-8E4E-14D8B8988E10}.Release|Any CPU.Build.0 = Release|Any CPU
		{53A171FD-0329-4E2A-BBC7-7A25E27627D5}.Debug|Any CPU.ActiveCfg = Debug|Any CPU
		{53A171FD-0329-4E2A-BBC7-7A25E27627D5}.Debug|Any CPU.Build.0 = Debug|Any CPU
		{53A171FD-0329-4E2A-BBC7-7A25E27627D5}.Release|Any CPU.ActiveCfg = Release|Any CPU
		{53A171FD-0329-4E2A-BBC7-7A25E27627D5}.Release|Any CPU.Build.0 = Release|Any CPU
	EndGlobalSection
	GlobalSection(SolutionProperties) = preSolution
		HideSolutionNode = FALSE
	EndGlobalSection
EndGlobal
